// !$*UTF8*$!
{
	archiveVersion = 1;
	classes = {
	};
	objectVersion = 55;
	objects = {

/* Begin PBXBuildFile section */
		8A5C604A28436EB30019BE76 /* ContentViewModel.swift in Sources */ = {isa = PBXBuildFile; fileRef = 8A5C604928436EB30019BE76 /* ContentViewModel.swift */; };
		8A5C604D284381F70019BE76 /* Array+extensions.swift in Sources */ = {isa = PBXBuildFile; fileRef = 8A5C604C284381F70019BE76 /* Array+extensions.swift */; };
		8A857645283E691400EA980A /* ShoppingListSwiftUIApp.swift in Sources */ = {isa = PBXBuildFile; fileRef = 8A857644283E691400EA980A /* ShoppingListSwiftUIApp.swift */; };
		8A857647283E691400EA980A /* ContentView.swift in Sources */ = {isa = PBXBuildFile; fileRef = 8A857646283E691400EA980A /* ContentView.swift */; };
		8A857649283E691700EA980A /* Assets.xcassets in Resources */ = {isa = PBXBuildFile; fileRef = 8A857648283E691700EA980A /* Assets.xcassets */; };
		8A85764C283E691700EA980A /* Preview Assets.xcassets in Resources */ = {isa = PBXBuildFile; fileRef = 8A85764B283E691700EA980A /* Preview Assets.xcassets */; };
		8AB9582C283FA14600634669 /* ShoppingItemCell.swift in Sources */ = {isa = PBXBuildFile; fileRef = 8AB9582B283FA14600634669 /* ShoppingItemCell.swift */; };
		8AB9582E283FA61600634669 /* ShoppingItem.swift in Sources */ = {isa = PBXBuildFile; fileRef = 8AB9582D283FA61600634669 /* ShoppingItem.swift */; };
/* End PBXBuildFile section */

/* Begin PBXFileReference section */
		8A5C604928436EB30019BE76 /* ContentViewModel.swift */ = {isa = PBXFileReference; lastKnownFileType = sourcecode.swift; path = ContentViewModel.swift; sourceTree = "<group>"; };
		8A5C604C284381F70019BE76 /* Array+extensions.swift */ = {isa = PBXFileReference; lastKnownFileType = sourcecode.swift; path = "Array+extensions.swift"; sourceTree = "<group>"; };
		8A857641283E691400EA980A /* ShoppingListSwiftUI.app */ = {isa = PBXFileReference; explicitFileType = wrapper.application; includeInIndex = 0; path = ShoppingListSwiftUI.app; sourceTree = BUILT_PRODUCTS_DIR; };
		8A857644283E691400EA980A /* ShoppingListSwiftUIApp.swift */ = {isa = PBXFileReference; lastKnownFileType = sourcecode.swift; path = ShoppingListSwiftUIApp.swift; sourceTree = "<group>"; };
		8A857646283E691400EA980A /* ContentView.swift */ = {isa = PBXFileReference; lastKnownFileType = sourcecode.swift; path = ContentView.swift; sourceTree = "<group>"; };
		8A857648283E691700EA980A /* Assets.xcassets */ = {isa = PBXFileReference; lastKnownFileType = folder.assetcatalog; path = Assets.xcassets; sourceTree = "<group>"; };
		8A85764B283E691700EA980A /* Preview Assets.xcassets */ = {isa = PBXFileReference; lastKnownFileType = folder.assetcatalog; path = "Preview Assets.xcassets"; sourceTree = "<group>"; };
		8AB9582B283FA14600634669 /* ShoppingItemCell.swift */ = {isa = PBXFileReference; lastKnownFileType = sourcecode.swift; path = ShoppingItemCell.swift; sourceTree = "<group>"; };
		8AB9582D283FA61600634669 /* ShoppingItem.swift */ = {isa = PBXFileReference; lastKnownFileType = sourcecode.swift; path = ShoppingItem.swift; sourceTree = "<group>"; };
/* End PBXFileReference section */

/* Begin PBXFrameworksBuildPhase section */
		8A85763E283E691400EA980A /* Frameworks */ = {
			isa = PBXFrameworksBuildPhase;
			buildActionMask = 2147483647;
			files = (
			);
			runOnlyForDeploymentPostprocessing = 0;
		};
/* End PBXFrameworksBuildPhase section */

/* Begin PBXGroup section */
		8A5C604528436E910019BE76 /* Model */ = {
			isa = PBXGroup;
			children = (
				8AB9582D283FA61600634669 /* ShoppingItem.swift */,
			);
			path = Model;
			sourceTree = "<group>";
		};
		8A5C604628436E9A0019BE76 /* Components */ = {
			isa = PBXGroup;
			children = (
				8AB9582B283FA14600634669 /* ShoppingItemCell.swift */,
			);
			path = Components;
			sourceTree = "<group>";
		};
		8A5C604728436EA00019BE76 /* Views */ = {
			isa = PBXGroup;
			children = (
				8A5C604828436EAB0019BE76 /* ShoppingListView */,
			);
			path = Views;
			sourceTree = "<group>";
		};
		8A5C604828436EAB0019BE76 /* ShoppingListView */ = {
			isa = PBXGroup;
			children = (
				8A857646283E691400EA980A /* ContentView.swift */,
				8A5C604928436EB30019BE76 /* ContentViewModel.swift */,
			);
			path = ShoppingListView;
			sourceTree = "<group>";
		};
		8A5C604B284381D40019BE76 /* Extensions */ = {
			isa = PBXGroup;
			children = (
				8A5C604C284381F70019BE76 /* Array+extensions.swift */,
			);
			path = Extensions;
			sourceTree = "<group>";
		};
		8A857638283E691400EA980A = {
			isa = PBXGroup;
			children = (
				8A857643283E691400EA980A /* ShoppingListSwiftUI */,
				8A857642283E691400EA980A /* Products */,
			);
			sourceTree = "<group>";
		};
		8A857642283E691400EA980A /* Products */ = {
			isa = PBXGroup;
			children = (
				8A857641283E691400EA980A /* ShoppingListSwiftUI.app */,
			);
			name = Products;
			sourceTree = "<group>";
		};
		8A857643283E691400EA980A /* ShoppingListSwiftUI */ = {
			isa = PBXGroup;
			children = (
				8A857644283E691400EA980A /* ShoppingListSwiftUIApp.swift */,
				8A5C604B284381D40019BE76 /* Extensions */,
				8A5C604728436EA00019BE76 /* Views */,
				8A5C604628436E9A0019BE76 /* Components */,
				8A5C604528436E910019BE76 /* Model */,
				8A857648283E691700EA980A /* Assets.xcassets */,
				8A85764A283E691700EA980A /* Preview Content */,
			);
			path = ShoppingListSwiftUI;
			sourceTree = "<group>";
		};
		8A85764A283E691700EA980A /* Preview Content */ = {
			isa = PBXGroup;
			children = (
				8A85764B283E691700EA980A /* Preview Assets.xcassets */,
			);
			path = "Preview Content";
			sourceTree = "<group>";
		};
/* End PBXGroup section */

/* Begin PBXNativeTarget section */
		8A857640283E691400EA980A /* ShoppingListSwiftUI */ = {
			isa = PBXNativeTarget;
			buildConfigurationList = 8A85764F283E691700EA980A /* Build configuration list for PBXNativeTarget "ShoppingListSwiftUI" */;
			buildPhases = (
				8A85763D283E691400EA980A /* Sources */,
				8A85763E283E691400EA980A /* Frameworks */,
				8A85763F283E691400EA980A /* Resources */,
			);
			buildRules = (
			);
			dependencies = (
			);
			name = ShoppingListSwiftUI;
			productName = ShoppingListSwiftUI;
			productReference = 8A857641283E691400EA980A /* ShoppingListSwiftUI.app */;
			productType = "com.apple.product-type.application";
		};
/* End PBXNativeTarget section */

/* Begin PBXProject section */
		8A857639283E691400EA980A /* Project object */ = {
			isa = PBXProject;
			attributes = {
				BuildIndependentTargetsInParallel = 1;
				LastSwiftUpdateCheck = 1340;
				LastUpgradeCheck = 1340;
				TargetAttributes = {
					8A857640283E691400EA980A = {
						CreatedOnToolsVersion = 13.4;
					};
				};
			};
			buildConfigurationList = 8A85763C283E691400EA980A /* Build configuration list for PBXProject "ShoppingListSwiftUI" */;
			compatibilityVersion = "Xcode 13.0";
			developmentRegion = en;
			hasScannedForEncodings = 0;
			knownRegions = (
				en,
				Base,
			);
			mainGroup = 8A857638283E691400EA980A;
			productRefGroup = 8A857642283E691400EA980A /* Products */;
			projectDirPath = "";
			projectRoot = "";
			targets = (
				8A857640283E691400EA980A /* ShoppingListSwiftUI */,
			);
		};
/* End PBXProject section */

/* Begin PBXResourcesBuildPhase section */
		8A85763F283E691400EA980A /* Resources */ = {
			isa = PBXResourcesBuildPhase;
			buildActionMask = 2147483647;
			files = (
				8A85764C283E691700EA980A /* Preview Assets.xcassets in Resources */,
				8A857649283E691700EA980A /* Assets.xcassets in Resources */,
			);
			runOnlyForDeploymentPostprocessing = 0;
		};
/* End PBXResourcesBuildPhase section */

/* Begin PBXSourcesBuildPhase section */
		8A85763D283E691400EA980A /* Sources */ = {
			isa = PBXSourcesBuildPhase;
			buildActionMask = 2147483647;
			files = (
				8AB9582E283FA61600634669 /* ShoppingItem.swift in Sources */,
				8AB9582C283FA14600634669 /* ShoppingItemCell.swift in Sources */,
				8A857647283E691400EA980A /* ContentView.swift in Sources */,
				8A857645283E691400EA980A /* ShoppingListSwiftUIApp.swift in Sources */,
				8A5C604A28436EB30019BE76 /* ContentViewModel.swift in Sources */,
				8A5C604D284381F70019BE76 /* Array+extensions.swift in Sources */,
			);
			runOnlyForDeploymentPostprocessing = 0;
		};
/* End PBXSourcesBuildPhase section */

/* Begin XCBuildConfiguration section */
		8A85764D283E691700EA980A /* Debug */ = {
			isa = XCBuildConfiguration;
			buildSettings = {
				ALWAYS_SEARCH_USER_PATHS = NO;
				CLANG_ANALYZER_NONNULL = YES;
				CLANG_ANALYZER_NUMBER_OBJECT_CONVERSION = YES_AGGRESSIVE;
				CLANG_CXX_LANGUAGE_STANDARD = "gnu++17";
				CLANG_ENABLE_MODULES = YES;
				CLANG_ENABLE_OBJC_ARC = YES;
				CLANG_ENABLE_OBJC_WEAK = YES;
				CLANG_WARN_BLOCK_CAPTURE_AUTORELEASING = YES;
				CLANG_WARN_BOOL_CONVERSION = YES;
				CLANG_WARN_COMMA = YES;
				CLANG_WARN_CONSTANT_CONVERSION = YES;
				CLANG_WARN_DEPRECATED_OBJC_IMPLEMENTATIONS = YES;
				CLANG_WARN_DIRECT_OBJC_ISA_USAGE = YES_ERROR;
				CLANG_WARN_DOCUMENTATION_COMMENTS = YES;
				CLANG_WARN_EMPTY_BODY = YES;
				CLANG_WARN_ENUM_CONVERSION = YES;
				CLANG_WARN_INFINITE_RECURSION = YES;
				CLANG_WARN_INT_CONVERSION = YES;
				CLANG_WARN_NON_LITERAL_NULL_CONVERSION = YES;
				CLANG_WARN_OBJC_IMPLICIT_RETAIN_SELF = YES;
				CLANG_WARN_OBJC_LITERAL_CONVERSION = YES;
				CLANG_WARN_OBJC_ROOT_CLASS = YES_ERROR;
				CLANG_WARN_QUOTED_INCLUDE_IN_FRAMEWORK_HEADER = YES;
				CLANG_WARN_RANGE_LOOP_ANALYSIS = YES;
				CLANG_WARN_STRICT_PROTOTYPES = YES;
				CLANG_WARN_SUSPICIOUS_MOVE = YES;
				CLANG_WARN_UNGUARDED_AVAILABILITY = YES_AGGRESSIVE;
				CLANG_WARN_UNREACHABLE_CODE = YES;
				CLANG_WARN__DUPLICATE_METHOD_MATCH = YES;
				COPY_PHASE_STRIP = NO;
				DEBUG_INFORMATION_FORMAT = dwarf;
				ENABLE_STRICT_OBJC_MSGSEND = YES;
				ENABLE_TESTABILITY = YES;
				GCC_C_LANGUAGE_STANDARD = gnu11;
				GCC_DYNAMIC_NO_PIC = NO;
				GCC_NO_COMMON_BLOCKS = YES;
				GCC_OPTIMIZATION_LEVEL = 0;
				GCC_PREPROCESSOR_DEFINITIONS = (
					"DEBUG=1",
					"$(inherited)",
				);
				GCC_WARN_64_TO_32_BIT_CONVERSION = YES;
				GCC_WARN_ABOUT_RETURN_TYPE = YES_ERROR;
				GCC_WARN_UNDECLARED_SELECTOR = YES;
				GCC_WARN_UNINITIALIZED_AUTOS = YES_AGGRESSIVE;
				GCC_WARN_UNUSED_FUNCTION = YES;
				GCC_WARN_UNUSED_VARIABLE = YES;
				IPHONEOS_DEPLOYMENT_TARGET = 15.5;
				MTL_ENABLE_DEBUG_INFO = INCLUDE_SOURCE;
				MTL_FAST_MATH = YES;
				ONLY_ACTIVE_ARCH = YES;
				SDKROOT = iphoneos;
				SWIFT_ACTIVE_COMPILATION_CONDITIONS = DEBUG;
				SWIFT_OPTIMIZATION_LEVEL = "-Onone";
			};
			name = Debug;
		};
		8A85764E283E691700EA980A /* Release */ = {
			isa = XCBuildConfiguration;
			buildSettings = {
				ALWAYS_SEARCH_USER_PATHS = NO;
				CLANG_ANALYZER_NONNULL = YES;
				CLANG_ANALYZER_NUMBER_OBJECT_CONVERSION = YES_AGGRESSIVE;
				CLANG_CXX_LANGUAGE_STANDARD = "gnu++17";
				CLANG_ENABLE_MODULES = YES;
				CLANG_ENABLE_OBJC_ARC = YES;
				CLANG_ENABLE_OBJC_WEAK = YES;
				CLANG_WARN_BLOCK_CAPTURE_AUTORELEASING = YES;
				CLANG_WARN_BOOL_CONVERSION = YES;
				CLANG_WARN_COMMA = YES;
				CLANG_WARN_CONSTANT_CONVERSION = YES;
				CLANG_WARN_DEPRECATED_OBJC_IMPLEMENTATIONS = YES;
				CLANG_WARN_DIRECT_OBJC_ISA_USAGE = YES_ERROR;
				CLANG_WARN_DOCUMENTATION_COMMENTS = YES;
				CLANG_WARN_EMPTY_BODY = YES;
				CLANG_WARN_ENUM_CONVERSION = YES;
				CLANG_WARN_INFINITE_RECURSION = YES;
				CLANG_WARN_INT_CONVERSION = YES;
				CLANG_WARN_NON_LITERAL_NULL_CONVERSION = YES;
				CLANG_WARN_OBJC_IMPLICIT_RETAIN_SELF = YES;
				CLANG_WARN_OBJC_LITERAL_CONVERSION = YES;
				CLANG_WARN_OBJC_ROOT_CLASS = YES_ERROR;
				CLANG_WARN_QUOTED_INCLUDE_IN_FRAMEWORK_HEADER = YES;
				CLANG_WARN_RANGE_LOOP_ANALYSIS = YES;
				CLANG_WARN_STRICT_PROTOTYPES = YES;
				CLANG_WARN_SUSPICIOUS_MOVE = YES;
				CLANG_WARN_UNGUARDED_AVAILABILITY = YES_AGGRESSIVE;
				CLANG_WARN_UNREACHABLE_CODE = YES;
				CLANG_WARN__DUPLICATE_METHOD_MATCH = YES;
				COPY_PHASE_STRIP = NO;
				DEBUG_INFORMATION_FORMAT = "dwarf-with-dsym";
				ENABLE_NS_ASSERTIONS = NO;
				ENABLE_STRICT_OBJC_MSGSEND = YES;
				GCC_C_LANGUAGE_STANDARD = gnu11;
				GCC_NO_COMMON_BLOCKS = YES;
				GCC_WARN_64_TO_32_BIT_CONVERSION = YES;
				GCC_WARN_ABOUT_RETURN_TYPE = YES_ERROR;
				GCC_WARN_UNDECLARED_SELECTOR = YES;
				GCC_WARN_UNINITIALIZED_AUTOS = YES_AGGRESSIVE;
				GCC_WARN_UNUSED_FUNCTION = YES;
				GCC_WARN_UNUSED_VARIABLE = YES;
				IPHONEOS_DEPLOYMENT_TARGET = 15.5;
				MTL_ENABLE_DEBUG_INFO = NO;
				MTL_FAST_MATH = YES;
				SDKROOT = iphoneos;
				SWIFT_COMPILATION_MODE = wholemodule;
				SWIFT_OPTIMIZATION_LEVEL = "-O";
				VALIDATE_PRODUCT = YES;
			};
			name = Release;
		};
		8A857650283E691700EA980A /* Debug */ = {
			isa = XCBuildConfiguration;
			buildSettings = {
				ASSETCATALOG_COMPILER_APPICON_NAME = AppIcon;
				ASSETCATALOG_COMPILER_GLOBAL_ACCENT_COLOR_NAME = AccentColor;
				CODE_SIGN_STYLE = Automatic;
				CURRENT_PROJECT_VERSION = 1;
				DEVELOPMENT_ASSET_PATHS = "\"ShoppingListSwiftUI/Preview Content\"";
				DEVELOPMENT_TEAM = XJXA3BQDMJ;
				ENABLE_PREVIEWS = YES;
				GENERATE_INFOPLIST_FILE = YES;
				INFOPLIST_KEY_UIApplicationSceneManifest_Generation = YES;
				INFOPLIST_KEY_UIApplicationSupportsIndirectInputEvents = YES;
				INFOPLIST_KEY_UILaunchScreen_Generation = YES;
				INFOPLIST_KEY_UISupportedInterfaceOrientations_iPad = "UIInterfaceOrientationPortrait UIInterfaceOrientationPortraitUpsideDown UIInterfaceOrientationLandscapeLeft UIInterfaceOrientationLandscapeRight";
				INFOPLIST_KEY_UISupportedInterfaceOrientations_iPhone = "UIInterfaceOrientationPortrait UIInterfaceOrientationLandscapeLeft UIInterfaceOrientationLandscapeRight";
				IPHONEOS_DEPLOYMENT_TARGET = 15.4;
				LD_RUNPATH_SEARCH_PATHS = (
					"$(inherited)",
					"@executable_path/Frameworks",
				);
				MARKETING_VERSION = 1.0;
				PRODUCT_BUNDLE_IDENTIFIER = com.GookBob.ShoppingListSwiftUI;
				PRODUCT_NAME = "$(TARGET_NAME)";
				SWIFT_EMIT_LOC_STRINGS = YES;
				SWIFT_VERSION = 5.0;
				TARGETED_DEVICE_FAMILY = "1,2";
			};
			name = Debug;
		};
		8A857651283E691700EA980A /* Release */ = {
			isa = XCBuildConfiguration;
			buildSettings = {
				ASSETCATALOG_COMPILER_APPICON_NAME = AppIcon;
				ASSETCATALOG_COMPILER_GLOBAL_ACCENT_COLOR_NAME = AccentColor;
				CODE_SIGN_STYLE = Automatic;
				CURRENT_PROJECT_VERSION = 1;
				DEVELOPMENT_ASSET_PATHS = "\"ShoppingListSwiftUI/Preview Content\"";
				DEVELOPMENT_TEAM = XJXA3BQDMJ;
				ENABLE_PREVIEWS = YES;
				GENERATE_INFOPLIST_FILE = YES;
				INFOPLIST_KEY_UIApplicationSceneManifest_Generation = YES;
				INFOPLIST_KEY_UIApplicationSupportsIndirectInputEvents = YES;
				INFOPLIST_KEY_UILaunchScreen_Generation = YES;
				INFOPLIST_KEY_UISupportedInterfaceOrientations_iPad = "UIInterfaceOrientationPortrait UIInterfaceOrientationPortraitUpsideDown UIInterfaceOrientationLandscapeLeft UIInterfaceOrientationLandscapeRight";
				INFOPLIST_KEY_UISupportedInterfaceOrientations_iPhone = "UIInterfaceOrientationPortrait UIInterfaceOrientationLandscapeLeft UIInterfaceOrientationLandscapeRight";
				IPHONEOS_DEPLOYMENT_TARGET = 15.4;
				LD_RUNPATH_SEARCH_PATHS = (
					"$(inherited)",
					"@executable_path/Frameworks",
				);
				MARKETING_VERSION = 1.0;
				PRODUCT_BUNDLE_IDENTIFIER = com.GookBob.ShoppingListSwiftUI;
				PRODUCT_NAME = "$(TARGET_NAME)";
				SWIFT_EMIT_LOC_STRINGS = YES;
				SWIFT_VERSION = 5.0;
				TARGETED_DEVICE_FAMILY = "1,2";
			};
			name = Release;
		};
/* End XCBuildConfiguration section */

/* Begin XCConfigurationList section */
		8A85763C283E691400EA980A /* Build configuration list for PBXProject "ShoppingListSwiftUI" */ = {
			isa = XCConfigurationList;
			buildConfigurations = (
				8A85764D283E691700EA980A /* Debug */,
				8A85764E283E691700EA980A /* Release */,
			);
			defaultConfigurationIsVisible = 0;
			defaultConfigurationName = Release;
		};
		8A85764F283E691700EA980A /* Build configuration list for PBXNativeTarget "ShoppingListSwiftUI" */ = {
			isa = XCConfigurationList;
			buildConfigurations = (
				8A857650283E691700EA980A /* Debug */,
				8A857651283E691700EA980A /* Release */,
			);
			defaultConfigurationIsVisible = 0;
			defaultConfigurationName = Release;
		};
/* End XCConfigurationList section */
	};
	rootObject = 8A857639283E691400EA980A /* Project object */;
}
